// !$*UTF8*$!
{
	archiveVersion = 1;
	classes = {
	};
	objectVersion = 50;
	objects = {

/* Begin PBXBuildFile section */
		45FDEE48254B584D00613B42 /* NavigatinInSwiftUIFinishedPart1App.swift in Sources */ = {isa = PBXBuildFile; fileRef = 45FDEE47254B584D00613B42 /* NavigatinInSwiftUIFinishedPart1App.swift */; };
		45FDEE4F254B584D00613B42 /* Preview Assets.xcassets in Resources */ = {isa = PBXBuildFile; fileRef = 45FDEE4E254B584D00613B42 /* Preview Assets.xcassets */; };
		45FDEE5D254B587100613B42 /* ContentViewA.swift in Sources */ = {isa = PBXBuildFile; fileRef = 45FDEE57254B587100613B42 /* ContentViewA.swift */; };
		45FDEE5E254B587100613B42 /* MotherView.swift in Sources */ = {isa = PBXBuildFile; fileRef = 45FDEE58254B587100613B42 /* MotherView.swift */; };
		45FDEE5F254B587100613B42 /* Assets.xcassets in Resources */ = {isa = PBXBuildFile; fileRef = 45FDEE59254B587100613B42 /* Assets.xcassets */; };
		45FDEE60254B587100613B42 /* ViewRouter.swift in Sources */ = {isa = PBXBuildFile; fileRef = 45FDEE5A254B587100613B42 /* ViewRouter.swift */; };
		45FDEE61254B587100613B42 /* Helper.swift in Sources */ = {isa = PBXBuildFile; fileRef = 45FDEE5B254B587100613B42 /* Helper.swift */; };
		45FDEE62254B587100613B42 /* ContentViewB.swift in Sources */ = {isa = PBXBuildFile; fileRef = 45FDEE5C254B587100613B42 /* ContentViewB.swift */; };
/* End PBXBuildFile section */

/* Begin PBXFileReference section */
		45FDEE44254B584D00613B42 /* NavigatinInSwiftUIFinishedPart1.app */ = {isa = PBXFileReference; explicitFileType = wrapper.application; includeInIndex = 0; path = NavigatinInSwiftUIFinishedPart1.app; sourceTree = BUILT_PRODUCTS_DIR; };
		45FDEE47254B584D00613B42 /* NavigatinInSwiftUIFinishedPart1App.swift */ = {isa = PBXFileReference; lastKnownFileType = sourcecode.swift; path = NavigatinInSwiftUIFinishedPart1App.swift; sourceTree = "<group>"; };
		45FDEE4E254B584D00613B42 /* Preview Assets.xcassets */ = {isa = PBXFileReference; lastKnownFileType = folder.assetcatalog; path = "Preview Assets.xcassets"; sourceTree = "<group>"; };
		45FDEE50254B584D00613B42 /* Info.plist */ = {isa = PBXFileReference; lastKnownFileType = text.plist.xml; path = Info.plist; sourceTree = "<group>"; };
		45FDEE57254B587100613B42 /* ContentViewA.swift */ = {isa = PBXFileReference; fileEncoding = 4; lastKnownFileType = sourcecode.swift; path = ContentViewA.swift; sourceTree = "<group>"; };
		45FDEE58254B587100613B42 /* MotherView.swift */ = {isa = PBXFileReference; fileEncoding = 4; lastKnownFileType = sourcecode.swift; path = MotherView.swift; sourceTree = "<group>"; };
		45FDEE59254B587100613B42 /* Assets.xcassets */ = {isa = PBXFileReference; lastKnownFileType = folder.assetcatalog; name = Assets.xcassets; path = ../../NavigatinInSwiftUIStarter/Shared/Assets.xcassets; sourceTree = "<group>"; };
		45FDEE5A254B587100613B42 /* ViewRouter.swift */ = {isa = PBXFileReference; fileEncoding = 4; lastKnownFileType = sourcecode.swift; path = ViewRouter.swift; sourceTree = "<group>"; };
		45FDEE5B254B587100613B42 /* Helper.swift */ = {isa = PBXFileReference; fileEncoding = 4; lastKnownFileType = sourcecode.swift; path = Helper.swift; sourceTree = "<group>"; };
		45FDEE5C254B587100613B42 /* ContentViewB.swift */ = {isa = PBXFileReference; fileEncoding = 4; lastKnownFileType = sourcecode.swift; path = ContentViewB.swift; sourceTree = "<group>"; };
/* End PBXFileReference section */

/* Begin PBXFrameworksBuildPhase section */
		45FDEE41254B584D00613B42 /* Frameworks */ = {
			isa = PBXFrameworksBuildPhase;
			buildActionMask = 2147483647;
			files = (
			);
			runOnlyForDeploymentPostprocessing = 0;
		};
/* End PBXFrameworksBuildPhase section */

/* Begin PBXGroup section */
		45FDEE3B254B584D00613B42 = {
			isa = PBXGroup;
			children = (
				45FDEE46254B584D00613B42 /* NavigatinInSwiftUIFinishedPart1 */,
				45FDEE45254B584D00613B42 /* Products */,
			);
			sourceTree = "<group>";
		};
		45FDEE45254B584D00613B42 /* Products */ = {
			isa = PBXGroup;
			children = (
				45FDEE44254B584D00613B42 /* NavigatinInSwiftUIFinishedPart1.app */,
			);
			name = Products;
			sourceTree = "<group>";
		};
		45FDEE46254B584D00613B42 /* NavigatinInSwiftUIFinishedPart1 */ = {
			isa = PBXGroup;
			children = (
				45FDEE47254B584D00613B42 /* NavigatinInSwiftUIFinishedPart1App.swift */,
				45FDEE59254B587100613B42 /* Assets.xcassets */,
				45FDEE57254B587100613B42 /* ContentViewA.swift */,
				45FDEE5C254B587100613B42 /* ContentViewB.swift */,
				45FDEE5B254B587100613B42 /* Helper.swift */,
				45FDEE58254B587100613B42 /* MotherView.swift */,
				45FDEE5A254B587100613B42 /* ViewRouter.swift */,
				45FDEE50254B584D00613B42 /* Info.plist */,
				45FDEE4D254B584D00613B42 /* Preview Content */,
			);
			path = NavigatinInSwiftUIFinishedPart1;
			sourceTree = "<group>";
		};
		45FDEE4D254B584D00613B42 /* Preview Content */ = {
			isa = PBXGroup;
			children = (
				45FDEE4E254B584D00613B42 /* Preview Assets.xcassets */,
			);
			path = "Preview Content";
			sourceTree = "<group>";
		};
/* End PBXGroup section */

/* Begin PBXNativeTarget section */
		45FDEE43254B584D00613B42 /* NavigatinInSwiftUIFinishedPart1 */ = {
			isa = PBXNativeTarget;
			buildConfigurationList = 45FDEE53254B584D00613B42 /* Build configuration list for PBXNativeTarget "NavigatinInSwiftUIFinishedPart1" */;
			buildPhases = (
				45FDEE40254B584D00613B42 /* Sources */,
				45FDEE41254B584D00613B42 /* Frameworks */,
				45FDEE42254B584D00613B42 /* Resources */,
			);
			buildRules = (
			);
			dependencies = (
			);
			name = NavigatinInSwiftUIFinishedPart1;
			productName = NavigatinInSwiftUIFinishedPart1;
			productReference = 45FDEE44254B584D00613B42 /* NavigatinInSwiftUIFinishedPart1.app */;
			productType = "com.apple.product-type.application";
		};
/* End PBXNativeTarget section */

/* Begin PBXProject section */
		45FDEE3C254B584D00613B42 /* Project object */ = {
			isa = PBXProject;
			attributes = {
				LastSwiftUpdateCheck = 1210;
				LastUpgradeCheck = 1210;
				TargetAttributes = {
					45FDEE43254B584D00613B42 = {
						CreatedOnToolsVersion = 12.1;
					};
				};
			};
			buildConfigurationList = 45FDEE3F254B584D00613B42 /* Build configuration list for PBXProject "NavigatinInSwiftUIFinishedPart1" */;
			compatibilityVersion = "Xcode 9.3";
			developmentRegion = en;
			hasScannedForEncodings = 0;
			knownRegions = (
				en,
				Base,
			);
			mainGroup = 45FDEE3B254B584D00613B42;
			productRefGroup = 45FDEE45254B584D00613B42 /* Products */;
			projectDirPath = "";
			projectRoot = "";
			targets = (
				45FDEE43254B584D00613B42 /* NavigatinInSwiftUIFinishedPart1 */,
			);
		};
/* End PBXProject section */

/* Begin PBXResourcesBuildPhase section */
		45FDEE42254B584D00613B42 /* Resources */ = {
			isa = PBXResourcesBuildPhase;
			buildActionMask = 2147483647;
			files = (
				45FDEE4F254B584D00613B42 /* Preview Assets.xcassets in Resources */,
				45FDEE5F254B587100613B42 /* Assets.xcassets in Resources */,
			);
			runOnlyForDeploymentPostprocessing = 0;
		};
/* End PBXResourcesBuildPhase section */

/* Begin PBXSourcesBuildPhase section */
		45FDEE40254B584D00613B42 /* Sources */ = {
			isa = PBXSourcesBuildPhase;
			buildActionMask = 2147483647;
			files = (
				45FDEE60254B587100613B42 /* ViewRouter.swift in Sources */,
				45FDEE5E254B587100613B42 /* MotherView.swift in Sources */,
				45FDEE48254B584D00613B42 /* NavigatinInSwiftUIFinishedPart1App.swift in Sources */,
				45FDEE5D254B587100613B42 /* ContentViewA.swift in Sources */,
				45FDEE62254B587100613B42 /* ContentViewB.swift in Sources */,
				45FDEE61254B587100613B42 /* Helper.swift in Sources */,
			);
			runOnlyForDeploymentPostprocessing = 0;
		};
/* End PBXSourcesBuildPhase section */

/* Begin XCBuildConfiguration section */
		45FDEE51254B584D00613B42 /* Debug */ = {
			isa = XCBuildConfiguration;
			buildSettings = {
				ALWAYS_SEARCH_USER_PATHS = NO;
				CLANG_ANALYZER_NONNULL = YES;
				CLANG_ANALYZER_NUMBER_OBJECT_CONVERSION = YES_AGGRESSIVE;
				CLANG_CXX_LANGUAGE_STANDARD = "gnu++14";
				CLANG_CXX_LIBRARY = "libc++";
				CLANG_ENABLE_MODULES = YES;
				CLANG_ENABLE_OBJC_ARC = YES;
				CLANG_ENABLE_OBJC_WEAK = YES;
				CLANG_WARN_BLOCK_CAPTURE_AUTORELEASING = YES;
				CLANG_WARN_BOOL_CONVERSION = YES;
				CLANG_WARN_COMMA = YES;
				CLANG_WARN_CONSTANT_CONVERSION = YES;
				CLANG_WARN_DEPRECATED_OBJC_IMPLEMENTATIONS = YES;
				CLANG_WARN_DIRECT_OBJC_ISA_USAGE = YES_ERROR;
				CLANG_WARN_DOCUMENTATION_COMMENTS = YES;
				CLANG_WARN_EMPTY_BODY = YES;
				CLANG_WARN_ENUM_CONVERSION = YES;
				CLANG_WARN_INFINITE_RECURSION = YES;
				CLANG_WARN_INT_CONVERSION = YES;
				CLANG_WARN_NON_LITERAL_NULL_CONVERSION = YES;
				CLANG_WARN_OBJC_IMPLICIT_RETAIN_SELF = YES;
				CLANG_WARN_OBJC_LITERAL_CONVERSION = YES;
				CLANG_WARN_OBJC_ROOT_CLASS = YES_ERROR;
				CLANG_WARN_QUOTED_INCLUDE_IN_FRAMEWORK_HEADER = YES;
				CLANG_WARN_RANGE_LOOP_ANALYSIS = YES;
				CLANG_WARN_STRICT_PROTOTYPES = YES;
				CLANG_WARN_SUSPICIOUS_MOVE = YES;
				CLANG_WARN_UNGUARDED_AVAILABILITY = YES_AGGRESSIVE;
				CLANG_WARN_UNREACHABLE_CODE = YES;
				CLANG_WARN__DUPLICATE_METHOD_MATCH = YES;
				COPY_PHASE_STRIP = NO;
				DEBUG_INFORMATION_FORMAT = dwarf;
				ENABLE_STRICT_OBJC_MSGSEND = YES;
				ENABLE_TESTABILITY = YES;
				GCC_C_LANGUAGE_STANDARD = gnu11;
				GCC_DYNAMIC_NO_PIC = NO;
				GCC_NO_COMMON_BLOCKS = YES;
				GCC_OPTIMIZATION_LEVEL = 0;
				GCC_PREPROCESSOR_DEFINITIONS = (
					"DEBUG=1",
					"$(inherited)",
				);
				GCC_WARN_64_TO_32_BIT_CONVERSION = YES;
				GCC_WARN_ABOUT_RETURN_TYPE = YES_ERROR;
				GCC_WARN_UNDECLARED_SELECTOR = YES;
				GCC_WARN_UNINITIALIZED_AUTOS = YES_AGGRESSIVE;
				GCC_WARN_UNUSED_FUNCTION = YES;
				GCC_WARN_UNUSED_VARIABLE = YES;
				IPHONEOS_DEPLOYMENT_TARGET = 14.1;
				MTL_ENABLE_DEBUG_INFO = INCLUDE_SOURCE;
				MTL_FAST_MATH = YES;
				ONLY_ACTIVE_ARCH = YES;
				SDKROOT = iphoneos;
				SWIFT_ACTIVE_COMPILATION_CONDITIONS = DEBUG;
				SWIFT_OPTIMIZATION_LEVEL = "-Onone";
			};
			name = Debug;
		};
		45FDEE52254B584D00613B42 /* Release */ = {
			isa = XCBuildConfiguration;
			buildSettings = {
				ALWAYS_SEARCH_USER_PATHS = NO;
				CLANG_ANALYZER_NONNULL = YES;
				CLANG_ANALYZER_NUMBER_OBJECT_CONVERSION = YES_AGGRESSIVE;
				CLANG_CXX_LANGUAGE_STANDARD = "gnu++14";
				CLANG_CXX_LIBRARY = "libc++";
				CLANG_ENABLE_MODULES = YES;
				CLANG_ENABLE_OBJC_ARC = YES;
				CLANG_ENABLE_OBJC_WEAK = YES;
				CLANG_WARN_BLOCK_CAPTURE_AUTORELEASING = YES;
				CLANG_WARN_BOOL_CONVERSION = YES;
				CLANG_WARN_COMMA = YES;
				CLANG_WARN_CONSTANT_CONVERSION = YES;
				CLANG_WARN_DEPRECATED_OBJC_IMPLEMENTATIONS = YES;
				CLANG_WARN_DIRECT_OBJC_ISA_USAGE = YES_ERROR;
				CLANG_WARN_DOCUMENTATION_COMMENTS = YES;
				CLANG_WARN_EMPTY_BODY = YES;
				CLANG_WARN_ENUM_CONVERSION = YES;
				CLANG_WARN_INFINITE_RECURSION = YES;
				CLANG_WARN_INT_CONVERSION = YES;
				CLANG_WARN_NON_LITERAL_NULL_CONVERSION = YES;
				CLANG_WARN_OBJC_IMPLICIT_RETAIN_SELF = YES;
				CLANG_WARN_OBJC_LITERAL_CONVERSION = YES;
				CLANG_WARN_OBJC_ROOT_CLASS = YES_ERROR;
				CLANG_WARN_QUOTED_INCLUDE_IN_FRAMEWORK_HEADER = YES;
				CLANG_WARN_RANGE_LOOP_ANALYSIS = YES;
				CLANG_WARN_STRICT_PROTOTYPES = YES;
				CLANG_WARN_SUSPICIOUS_MOVE = YES;
				CLANG_WARN_UNGUARDED_AVAILABILITY = YES_AGGRESSIVE;
				CLANG_WARN_UNREACHABLE_CODE = YES;
				CLANG_WARN__DUPLICATE_METHOD_MATCH = YES;
				COPY_PHASE_STRIP = NO;
				DEBUG_INFORMATION_FORMAT = "dwarf-with-dsym";
				ENABLE_NS_ASSERTIONS = NO;
				ENABLE_STRICT_OBJC_MSGSEND = YES;
				GCC_C_LANGUAGE_STANDARD = gnu11;
				GCC_NO_COMMON_BLOCKS = YES;
				GCC_WARN_64_TO_32_BIT_CONVERSION = YES;
				GCC_WARN_ABOUT_RETURN_TYPE = YES_ERROR;
				GCC_WARN_UNDECLARED_SELECTOR = YES;
				GCC_WARN_UNINITIALIZED_AUTOS = YES_AGGRESSIVE;
				GCC_WARN_UNUSED_FUNCTION = YES;
				GCC_WARN_UNUSED_VARIABLE = YES;
				IPHONEOS_DEPLOYMENT_TARGET = 14.1;
				MTL_ENABLE_DEBUG_INFO = NO;
				MTL_FAST_MATH = YES;
				SDKROOT = iphoneos;
				SWIFT_COMPILATION_MODE = wholemodule;
				SWIFT_OPTIMIZATION_LEVEL = "-O";
				VALIDATE_PRODUCT = YES;
			};
			name = Release;
		};
		45FDEE54254B584D00613B42 /* Debug */ = {
			isa = XCBuildConfiguration;
			buildSettings = {
				ASSETCATALOG_COMPILER_APPICON_NAME = AppIcon;
				ASSETCATALOG_COMPILER_GLOBAL_ACCENT_COLOR_NAME = AccentColor;
				CODE_SIGN_STYLE = Automatic;
				DEVELOPMENT_ASSET_PATHS = "\"NavigatinInSwiftUIFinishedPart1/Preview Content\"";
				ENABLE_PREVIEWS = YES;
				INFOPLIST_FILE = NavigatinInSwiftUIFinishedPart1/Info.plist;
				IPHONEOS_DEPLOYMENT_TARGET = 14.0;
				LD_RUNPATH_SEARCH_PATHS = (
					"$(inherited)",
					"@executable_path/Frameworks",
				);
				PRODUCT_BUNDLE_IDENTIFIER = com.BLCKBIRDS.NavigatinInSwiftUIFinishedPart1;
				PRODUCT_NAME = "$(TARGET_NAME)";
				SWIFT_VERSION = 5.0;
				TARGETED_DEVICE_FAMILY = "1,2";
			};
			name = Debug;
		};
		45FDEE55254B584D00613B42 /* Release */ = {
			isa = XCBuildConfiguration;
			buildSettings = {
				ASSETCATALOG_COMPILER_APPICON_NAME = AppIcon;
				ASSETCATALOG_COMPILER_GLOBAL_ACCENT_COLOR_NAME = AccentColor;
				CODE_SIGN_STYLE = Automatic;
				DEVELOPMENT_ASSET_PATHS = "\"NavigatinInSwiftUIFinishedPart1/Preview Content\"";
				ENABLE_PREVIEWS = YES;
				INFOPLIST_FILE = NavigatinInSwiftUIFinishedPart1/Info.plist;
				IPHONEOS_DEPLOYMENT_TARGET = 14.0;
				LD_RUNPATH_SEARCH_PATHS = (
					"$(inherited)",
					"@executable_path/Frameworks",
				);
				PRODUCT_BUNDLE_IDENTIFIER = com.BLCKBIRDS.NavigatinInSwiftUIFinishedPart1;
				PRODUCT_NAME = "$(TARGET_NAME)";
				SWIFT_VERSION = 5.0;
				TARGETED_DEVICE_FAMILY = "1,2";
			};
			name = Release;
		};
/* End XCBuildConfiguration section */

/* Begin XCConfigurationList section */
		45FDEE3F254B584D00613B42 /* Build configuration list for PBXProject "NavigatinInSwiftUIFinishedPart1" */ = {
			isa = XCConfigurationList;
			buildConfigurations = (
				45FDEE51254B584D00613B42 /* Debug */,
				45FDEE52254B584D00613B42 /* Release */,
			);
			defaultConfigurationIsVisible = 0;
			defaultConfigurationName = Release;
		};
		45FDEE53254B584D00613B42 /* Build configuration list for PBXNativeTarget "NavigatinInSwiftUIFinishedPart1" */ = {
			isa = XCConfigurationList;
			buildConfigurations = (
				45FDEE54254B584D00613B42 /* Debug */,
				45FDEE55254B584D00613B42 /* Release */,
			);
			defaultConfigurationIsVisible = 0;
			defaultConfigurationName = Release;
		};
/* End XCConfigurationList section */
	};
	rootObject = 45FDEE3C254B584D00613B42 /* Project object */;
}
